
Microsoft Visual Studio Solution File, Format Version 12.00
# Visual Studio Version 17
VisualStudioVersion = 17.0.31912.275
MinimumVisualStudioVersion = 10.0.40219.1
Project("{FAE04EC0-301F-11D3-BF4B-00C04F79EFBC}") = "ImageViewer", "ImageViewer\ImageViewer.csproj", "{C09D7A7C-5FF3-4323-AA47-6C4D4048221A}"
EndProject
Global
	GlobalSection(SolutionConfigurationPlatforms) = preSolution
		Debug|Any CPU = Debug|Any CPU
		Release|Any CPU = Release|Any CPU
	EndGlobalSection
	GlobalSection(ProjectConfigurationPlatforms) = postSolution
		{C09D7A7C-5FF3-4323-AA47-6C4D4048221A}.Debug|Any CPU.ActiveCfg = Debug|Any CPU
		{C09D7A7C-5FF3-4323-AA47-6C4D4048221A}.Debug|Any CPU.Build.0 = Debug|Any CPU
		{C09D7A7C-5FF3-4323-AA47-6C4D4048221A}.Release|Any CPU.ActiveCfg = Release|Any CPU
		{C09D7A7C-5FF3-4323-AA47-6C4D4048221A}.Release|Any CPU.Build.0 = Release|Any CPU
	EndGlobalSection
	GlobalSection(SolutionProperties) = preSolution
		HideSolutionNode = FALSE
	EndGlobalSection
	GlobalSection(ExtensibilityGlobals) = postSolution
		SolutionGuid = {1501CB9C-7DF3-425D-A419-40A4BB73BAA7}
	EndGlobalSection
EndGlobal
